
Microsoft Visual Studio Solution File, Format Version 12.00
# Visual Studio Version 17
VisualStudioVersion = 17.9.34728.123
MinimumVisualStudioVersion = 10.0.40219.1
Project("{FAE04EC0-301F-11D3-BF4B-00C04F79EFBC}") = "Assignments_Linq_Json", "Assignments_Linq_Json\Assignments_Linq_Json.csproj", "{96A49987-6F40-4D25-ACF1-68C838776C79}"
EndProject
Global
	GlobalSection(SolutionConfigurationPlatforms) = preSolution
		Debug|Any CPU = Debug|Any CPU
		Release|Any CPU = Release|Any CPU
	EndGlobalSection
	GlobalSection(ProjectConfigurationPlatforms) = postSolution
		{96A49987-6F40-4D25-ACF1-68C838776C79}.Debug|Any CPU.ActiveCfg = Debug|Any CPU
		{96A49987-6F40-4D25-ACF1-68C838776C79}.Debug|Any CPU.Build.0 = Debug|Any CPU
		{96A49987-6F40-4D25-ACF1-68C838776C79}.Release|Any CPU.ActiveCfg = Release|Any CPU
		{96A49987-6F40-4D25-ACF1-68C838776C79}.Release|Any CPU.Build.0 = Release|Any CPU
	EndGlobalSection
	GlobalSection(SolutionProperties) = preSolution
		HideSolutionNode = FALSE
	EndGlobalSection
	GlobalSection(ExtensibilityGlobals) = postSolution
		SolutionGuid = {39642D2A-3ABF-43DC-A9FA-EA9A4EFB8C3E}
	EndGlobalSection
EndGlobal
